
Microsoft Visual Studio Solution File, Format Version 12.00
# Visual Studio Version 16
VisualStudioVersion = 16.0.30225.117
MinimumVisualStudioVersion = 10.0.40219.1
Project("{FAE04EC0-301F-11D3-BF4B-00C04F79EFBC}") = "RealEstate", "RealEstate.csproj", "{883C0CA6-426D-4AC4-84B5-FFB030FF9991}"
EndProject
Global
	GlobalSection(SolutionConfigurationPlatforms) = preSolution
		Debug|Any CPU = Debug|Any CPU
		Release|Any CPU = Release|Any CPU
	EndGlobalSection
	GlobalSection(ProjectConfigurationPlatforms) = postSolution
		{883C0CA6-426D-4AC4-84B5-FFB030FF9991}.Debug|Any CPU.ActiveCfg = Debug|Any CPU
		{883C0CA6-426D-4AC4-84B5-FFB030FF9991}.Debug|Any CPU.Build.0 = Debug|Any CPU
		{883C0CA6-426D-4AC4-84B5-FFB030FF9991}.Release|Any CPU.ActiveCfg = Release|Any CPU
		{883C0CA6-426D-4AC4-84B5-FFB030FF9991}.Release|Any CPU.Build.0 = Release|Any CPU
	EndGlobalSection
	GlobalSection(SolutionProperties) = preSolution
		HideSolutionNode = FALSE
	EndGlobalSection
	GlobalSection(ExtensibilityGlobals) = postSolution
		SolutionGuid = {C1073A33-C599-4C3B-B0F2-414F18865E30}
	EndGlobalSection
EndGlobal
